
Microsoft Visual Studio Solution File, Format Version 12.00
# Visual Studio Version 16
VisualStudioVersion = 16.0.29326.143
MinimumVisualStudioVersion = 10.0.40219.1
Project("{FAE04EC0-301F-11D3-BF4B-00C04F79EFBC}") = "TMDB.web", "TMDB.web\TMDB.web.csproj", "{C0E0B8DC-4220-42CE-A822-B83C1EFB9C87}"
EndProject
Global
	GlobalSection(SolutionConfigurationPlatforms) = preSolution
		Debug|Any CPU = Debug|Any CPU
		Release|Any CPU = Release|Any CPU
	EndGlobalSection
	GlobalSection(ProjectConfigurationPlatforms) = postSolution
		{C0E0B8DC-4220-42CE-A822-B83C1EFB9C87}.Debug|Any CPU.ActiveCfg = Debug|Any CPU
		{C0E0B8DC-4220-42CE-A822-B83C1EFB9C87}.Debug|Any CPU.Build.0 = Debug|Any CPU
		{C0E0B8DC-4220-42CE-A822-B83C1EFB9C87}.Release|Any CPU.ActiveCfg = Release|Any CPU
		{C0E0B8DC-4220-42CE-A822-B83C1EFB9C87}.Release|Any CPU.Build.0 = Release|Any CPU
	EndGlobalSection
	GlobalSection(SolutionProperties) = preSolution
		HideSolutionNode = FALSE
	EndGlobalSection
	GlobalSection(ExtensibilityGlobals) = postSolution
		SolutionGuid = {1C40DD0F-27CB-44D0-8ABD-3CF5D5BBFA33}
	EndGlobalSection
EndGlobal
